// !$*UTF8*$!
{
	archiveVersion = 1;
	classes = {
	};
	objectVersion = 56;
	objects = {

/* Begin PBXBuildFile section */
		3BF489B42CF55A7A0075AE5D /* CalculateAppApp.swift in Sources */ = {isa = PBXBuildFile; fileRef = 3BF489B32CF55A7A0075AE5D /* CalculateAppApp.swift */; };
		3BF489B62CF55A7A0075AE5D /* ContentView.swift in Sources */ = {isa = PBXBuildFile; fileRef = 3BF489B52CF55A7A0075AE5D /* ContentView.swift */; };
		3BF489B82CF55A7C0075AE5D /* Assets.xcassets in Resources */ = {isa = PBXBuildFile; fileRef = 3BF489B72CF55A7C0075AE5D /* Assets.xcassets */; };
		3BF489BB2CF55A7C0075AE5D /* Preview Assets.xcassets in Resources */ = {isa = PBXBuildFile; fileRef = 3BF489BA2CF55A7C0075AE5D /* Preview Assets.xcassets */; };
		3BF489C22CF55AC80075AE5D /* CalculateView.swift in Sources */ = {isa = PBXBuildFile; fileRef = 3BF489C12CF55AC80075AE5D /* CalculateView.swift */; };
		3BF489C42CF55B3D0075AE5D /* ComparisonView.swift in Sources */ = {isa = PBXBuildFile; fileRef = 3BF489C32CF55B3D0075AE5D /* ComparisonView.swift */; };
		3BF489C62CF55B650075AE5D /* JudgementView.swift in Sources */ = {isa = PBXBuildFile; fileRef = 3BF489C52CF55B650075AE5D /* JudgementView.swift */; };
		3BF489C82CF6C5850075AE5D /* oddevenView.swift in Sources */ = {isa = PBXBuildFile; fileRef = 3BF489C72CF6C5840075AE5D /* oddevenView.swift */; };
		3BF489CA2CF7317C0075AE5D /* greetingView.swift in Sources */ = {isa = PBXBuildFile; fileRef = 3BF489C92CF7317C0075AE5D /* greetingView.swift */; };
/* End PBXBuildFile section */

/* Begin PBXFileReference section */
		3BF489B02CF55A7A0075AE5D /* CalculateApp.app */ = {isa = PBXFileReference; explicitFileType = wrapper.application; includeInIndex = 0; path = CalculateApp.app; sourceTree = BUILT_PRODUCTS_DIR; };
		3BF489B32CF55A7A0075AE5D /* CalculateAppApp.swift */ = {isa = PBXFileReference; lastKnownFileType = sourcecode.swift; path = CalculateAppApp.swift; sourceTree = "<group>"; };
		3BF489B52CF55A7A0075AE5D /* ContentView.swift */ = {isa = PBXFileReference; lastKnownFileType = sourcecode.swift; path = ContentView.swift; sourceTree = "<group>"; };
		3BF489B72CF55A7C0075AE5D /* Assets.xcassets */ = {isa = PBXFileReference; lastKnownFileType = folder.assetcatalog; path = Assets.xcassets; sourceTree = "<group>"; };
		3BF489BA2CF55A7C0075AE5D /* Preview Assets.xcassets */ = {isa = PBXFileReference; lastKnownFileType = folder.assetcatalog; path = "Preview Assets.xcassets"; sourceTree = "<group>"; };
		3BF489C12CF55AC80075AE5D /* CalculateView.swift */ = {isa = PBXFileReference; lastKnownFileType = sourcecode.swift; path = CalculateView.swift; sourceTree = "<group>"; };
		3BF489C32CF55B3D0075AE5D /* ComparisonView.swift */ = {isa = PBXFileReference; lastKnownFileType = sourcecode.swift; path = ComparisonView.swift; sourceTree = "<group>"; };
		3BF489C52CF55B650075AE5D /* JudgementView.swift */ = {isa = PBXFileReference; lastKnownFileType = sourcecode.swift; path = JudgementView.swift; sourceTree = "<group>"; };
		3BF489C72CF6C5840075AE5D /* oddevenView.swift */ = {isa = PBXFileReference; lastKnownFileType = sourcecode.swift; path = oddevenView.swift; sourceTree = "<group>"; };
		3BF489C92CF7317C0075AE5D /* greetingView.swift */ = {isa = PBXFileReference; lastKnownFileType = sourcecode.swift; path = greetingView.swift; sourceTree = "<group>"; };
/* End PBXFileReference section */

/* Begin PBXFrameworksBuildPhase section */
		3BF489AD2CF55A7A0075AE5D /* Frameworks */ = {
			isa = PBXFrameworksBuildPhase;
			buildActionMask = 2147483647;
			files = (
			);
			runOnlyForDeploymentPostprocessing = 0;
		};
/* End PBXFrameworksBuildPhase section */

/* Begin PBXGroup section */
		3BF489A72CF55A7A0075AE5D = {
			isa = PBXGroup;
			children = (
				3BF489B22CF55A7A0075AE5D /* CalculateApp */,
				3BF489B12CF55A7A0075AE5D /* Products */,
			);
			sourceTree = "<group>";
		};
		3BF489B12CF55A7A0075AE5D /* Products */ = {
			isa = PBXGroup;
			children = (
				3BF489B02CF55A7A0075AE5D /* CalculateApp.app */,
			);
			name = Products;
			sourceTree = "<group>";
		};
		3BF489B22CF55A7A0075AE5D /* CalculateApp */ = {
			isa = PBXGroup;
			children = (
				3BF489B32CF55A7A0075AE5D /* CalculateAppApp.swift */,
				3BF489B52CF55A7A0075AE5D /* ContentView.swift */,
				3BF489C12CF55AC80075AE5D /* CalculateView.swift */,
				3BF489C32CF55B3D0075AE5D /* ComparisonView.swift */,
				3BF489C52CF55B650075AE5D /* JudgementView.swift */,
				3BF489C72CF6C5840075AE5D /* oddevenView.swift */,
				3BF489C92CF7317C0075AE5D /* greetingView.swift */,
				3BF489B72CF55A7C0075AE5D /* Assets.xcassets */,
				3BF489B92CF55A7C0075AE5D /* Preview Content */,
			);
			path = CalculateApp;
			sourceTree = "<group>";
		};
		3BF489B92CF55A7C0075AE5D /* Preview Content */ = {
			isa = PBXGroup;
			children = (
				3BF489BA2CF55A7C0075AE5D /* Preview Assets.xcassets */,
			);
			path = "Preview Content";
			sourceTree = "<group>";
		};
/* End PBXGroup section */

/* Begin PBXNativeTarget section */
		3BF489AF2CF55A7A0075AE5D /* CalculateApp */ = {
			isa = PBXNativeTarget;
			buildConfigurationList = 3BF489BE2CF55A7C0075AE5D /* Build configuration list for PBXNativeTarget "CalculateApp" */;
			buildPhases = (
				3BF489AC2CF55A7A0075AE5D /* Sources */,
				3BF489AD2CF55A7A0075AE5D /* Frameworks */,
				3BF489AE2CF55A7A0075AE5D /* Resources */,
			);
			buildRules = (
			);
			dependencies = (
			);
			name = CalculateApp;
			productName = CalculateApp;
			productReference = 3BF489B02CF55A7A0075AE5D /* CalculateApp.app */;
			productType = "com.apple.product-type.application";
		};
/* End PBXNativeTarget section */

/* Begin PBXProject section */
		3BF489A82CF55A7A0075AE5D /* Project object */ = {
			isa = PBXProject;
			attributes = {
				BuildIndependentTargetsInParallel = 1;
				LastSwiftUpdateCheck = 1540;
				LastUpgradeCheck = 1540;
				TargetAttributes = {
					3BF489AF2CF55A7A0075AE5D = {
						CreatedOnToolsVersion = 15.4;
					};
				};
			};
			buildConfigurationList = 3BF489AB2CF55A7A0075AE5D /* Build configuration list for PBXProject "CalculateApp" */;
			compatibilityVersion = "Xcode 14.0";
			developmentRegion = en;
			hasScannedForEncodings = 0;
			knownRegions = (
				en,
				Base,
			);
			mainGroup = 3BF489A72CF55A7A0075AE5D;
			productRefGroup = 3BF489B12CF55A7A0075AE5D /* Products */;
			projectDirPath = "";
			projectRoot = "";
			targets = (
				3BF489AF2CF55A7A0075AE5D /* CalculateApp */,
			);
		};
/* End PBXProject section */

/* Begin PBXResourcesBuildPhase section */
		3BF489AE2CF55A7A0075AE5D /* Resources */ = {
			isa = PBXResourcesBuildPhase;
			buildActionMask = 2147483647;
			files = (
				3BF489BB2CF55A7C0075AE5D /* Preview Assets.xcassets in Resources */,
				3BF489B82CF55A7C0075AE5D /* Assets.xcassets in Resources */,
			);
			runOnlyForDeploymentPostprocessing = 0;
		};
/* End PBXResourcesBuildPhase section */

/* Begin PBXSourcesBuildPhase section */
		3BF489AC2CF55A7A0075AE5D /* Sources */ = {
			isa = PBXSourcesBuildPhase;
			buildActionMask = 2147483647;
			files = (
				3BF489B62CF55A7A0075AE5D /* ContentView.swift in Sources */,
				3BF489C42CF55B3D0075AE5D /* ComparisonView.swift in Sources */,
				3BF489C62CF55B650075AE5D /* JudgementView.swift in Sources */,
				3BF489CA2CF7317C0075AE5D /* greetingView.swift in Sources */,
				3BF489C22CF55AC80075AE5D /* CalculateView.swift in Sources */,
				3BF489C82CF6C5850075AE5D /* oddevenView.swift in Sources */,
				3BF489B42CF55A7A0075AE5D /* CalculateAppApp.swift in Sources */,
			);
			runOnlyForDeploymentPostprocessing = 0;
		};
/* End PBXSourcesBuildPhase section */

/* Begin XCBuildConfiguration section */
		3BF489BC2CF55A7C0075AE5D /* Debug */ = {
			isa = XCBuildConfiguration;
			buildSettings = {
				ALWAYS_SEARCH_USER_PATHS = NO;
				ASSETCATALOG_COMPILER_GENERATE_SWIFT_ASSET_SYMBOL_EXTENSIONS = YES;
				CLANG_ANALYZER_NONNULL = YES;
				CLANG_ANALYZER_NUMBER_OBJECT_CONVERSION = YES_AGGRESSIVE;
				CLANG_CXX_LANGUAGE_STANDARD = "gnu++20";
				CLANG_ENABLE_MODULES = YES;
				CLANG_ENABLE_OBJC_ARC = YES;
				CLANG_ENABLE_OBJC_WEAK = YES;
				CLANG_WARN_BLOCK_CAPTURE_AUTORELEASING = YES;
				CLANG_WARN_BOOL_CONVERSION = YES;
				CLANG_WARN_COMMA = YES;
				CLANG_WARN_CONSTANT_CONVERSION = YES;
				CLANG_WARN_DEPRECATED_OBJC_IMPLEMENTATIONS = YES;
				CLANG_WARN_DIRECT_OBJC_ISA_USAGE = YES_ERROR;
				CLANG_WARN_DOCUMENTATION_COMMENTS = YES;
				CLANG_WARN_EMPTY_BODY = YES;
				CLANG_WARN_ENUM_CONVERSION = YES;
				CLANG_WARN_INFINITE_RECURSION = YES;
				CLANG_WARN_INT_CONVERSION = YES;
				CLANG_WARN_NON_LITERAL_NULL_CONVERSION = YES;
				CLANG_WARN_OBJC_IMPLICIT_RETAIN_SELF = YES;
				CLANG_WARN_OBJC_LITERAL_CONVERSION = YES;
				CLANG_WARN_OBJC_ROOT_CLASS = YES_ERROR;
				CLANG_WARN_QUOTED_INCLUDE_IN_FRAMEWORK_HEADER = YES;
				CLANG_WARN_RANGE_LOOP_ANALYSIS = YES;
				CLANG_WARN_STRICT_PROTOTYPES = YES;
				CLANG_WARN_SUSPICIOUS_MOVE = YES;
				CLANG_WARN_UNGUARDED_AVAILABILITY = YES_AGGRESSIVE;
				CLANG_WARN_UNREACHABLE_CODE = YES;
				CLANG_WARN__DUPLICATE_METHOD_MATCH = YES;
				COPY_PHASE_STRIP = NO;
				DEBUG_INFORMATION_FORMAT = dwarf;
				ENABLE_STRICT_OBJC_MSGSEND = YES;
				ENABLE_TESTABILITY = YES;
				ENABLE_USER_SCRIPT_SANDBOXING = YES;
				GCC_C_LANGUAGE_STANDARD = gnu17;
				GCC_DYNAMIC_NO_PIC = NO;
				GCC_NO_COMMON_BLOCKS = YES;
				GCC_OPTIMIZATION_LEVEL = 0;
				GCC_PREPROCESSOR_DEFINITIONS = (
					"DEBUG=1",
					"$(inherited)",
				);
				GCC_WARN_64_TO_32_BIT_CONVERSION = YES;
				GCC_WARN_ABOUT_RETURN_TYPE = YES_ERROR;
				GCC_WARN_UNDECLARED_SELECTOR = YES;
				GCC_WARN_UNINITIALIZED_AUTOS = YES_AGGRESSIVE;
				GCC_WARN_UNUSED_FUNCTION = YES;
				GCC_WARN_UNUSED_VARIABLE = YES;
				IPHONEOS_DEPLOYMENT_TARGET = 17.5;
				LOCALIZATION_PREFERS_STRING_CATALOGS = YES;
				MTL_ENABLE_DEBUG_INFO = INCLUDE_SOURCE;
				MTL_FAST_MATH = YES;
				ONLY_ACTIVE_ARCH = YES;
				SDKROOT = iphoneos;
				SWIFT_ACTIVE_COMPILATION_CONDITIONS = "DEBUG $(inherited)";
				SWIFT_OPTIMIZATION_LEVEL = "-Onone";
			};
			name = Debug;
		};
		3BF489BD2CF55A7C0075AE5D /* Release */ = {
			isa = XCBuildConfiguration;
			buildSettings = {
				ALWAYS_SEARCH_USER_PATHS = NO;
				ASSETCATALOG_COMPILER_GENERATE_SWIFT_ASSET_SYMBOL_EXTENSIONS = YES;
				CLANG_ANALYZER_NONNULL = YES;
				CLANG_ANALYZER_NUMBER_OBJECT_CONVERSION = YES_AGGRESSIVE;
				CLANG_CXX_LANGUAGE_STANDARD = "gnu++20";
				CLANG_ENABLE_MODULES = YES;
				CLANG_ENABLE_OBJC_ARC = YES;
				CLANG_ENABLE_OBJC_WEAK = YES;
				CLANG_WARN_BLOCK_CAPTURE_AUTORELEASING = YES;
				CLANG_WARN_BOOL_CONVERSION = YES;
				CLANG_WARN_COMMA = YES;
				CLANG_WARN_CONSTANT_CONVERSION = YES;
				CLANG_WARN_DEPRECATED_OBJC_IMPLEMENTATIONS = YES;
				CLANG_WARN_DIRECT_OBJC_ISA_USAGE = YES_ERROR;
				CLANG_WARN_DOCUMENTATION_COMMENTS = YES;
				CLANG_WARN_EMPTY_BODY = YES;
				CLANG_WARN_ENUM_CONVERSION = YES;
				CLANG_WARN_INFINITE_RECURSION = YES;
				CLANG_WARN_INT_CONVERSION = YES;
				CLANG_WARN_NON_LITERAL_NULL_CONVERSION = YES;
				CLANG_WARN_OBJC_IMPLICIT_RETAIN_SELF = YES;
				CLANG_WARN_OBJC_LITERAL_CONVERSION = YES;
				CLANG_WARN_OBJC_ROOT_CLASS = YES_ERROR;
				CLANG_WARN_QUOTED_INCLUDE_IN_FRAMEWORK_HEADER = YES;
				CLANG_WARN_RANGE_LOOP_ANALYSIS = YES;
				CLANG_WARN_STRICT_PROTOTYPES = YES;
				CLANG_WARN_SUSPICIOUS_MOVE = YES;
				CLANG_WARN_UNGUARDED_AVAILABILITY = YES_AGGRESSIVE;
				CLANG_WARN_UNREACHABLE_CODE = YES;
				CLANG_WARN__DUPLICATE_METHOD_MATCH = YES;
				COPY_PHASE_STRIP = NO;
				DEBUG_INFORMATION_FORMAT = "dwarf-with-dsym";
				ENABLE_NS_ASSERTIONS = NO;
				ENABLE_STRICT_OBJC_MSGSEND = YES;
				ENABLE_USER_SCRIPT_SANDBOXING = YES;
				GCC_C_LANGUAGE_STANDARD = gnu17;
				GCC_NO_COMMON_BLOCKS = YES;
				GCC_WARN_64_TO_32_BIT_CONVERSION = YES;
				GCC_WARN_ABOUT_RETURN_TYPE = YES_ERROR;
				GCC_WARN_UNDECLARED_SELECTOR = YES;
				GCC_WARN_UNINITIALIZED_AUTOS = YES_AGGRESSIVE;
				GCC_WARN_UNUSED_FUNCTION = YES;
				GCC_WARN_UNUSED_VARIABLE = YES;
				IPHONEOS_DEPLOYMENT_TARGET = 17.5;
				LOCALIZATION_PREFERS_STRING_CATALOGS = YES;
				MTL_ENABLE_DEBUG_INFO = NO;
				MTL_FAST_MATH = YES;
				SDKROOT = iphoneos;
				SWIFT_COMPILATION_MODE = wholemodule;
				VALIDATE_PRODUCT = YES;
			};
			name = Release;
		};
		3BF489BF2CF55A7C0075AE5D /* Debug */ = {
			isa = XCBuildConfiguration;
			buildSettings = {
				ASSETCATALOG_COMPILER_APPICON_NAME = AppIcon;
				ASSETCATALOG_COMPILER_GLOBAL_ACCENT_COLOR_NAME = AccentColor;
				CODE_SIGN_STYLE = Automatic;
				CURRENT_PROJECT_VERSION = 1;
				DEVELOPMENT_ASSET_PATHS = "\"CalculateApp/Preview Content\"";
				DEVELOPMENT_TEAM = Q2STMY2JD7;
				ENABLE_PREVIEWS = YES;
				GENERATE_INFOPLIST_FILE = YES;
				INFOPLIST_KEY_UIApplicationSceneManifest_Generation = YES;
				INFOPLIST_KEY_UIApplicationSupportsIndirectInputEvents = YES;
				INFOPLIST_KEY_UILaunchScreen_Generation = YES;
				INFOPLIST_KEY_UISupportedInterfaceOrientations_iPad = "UIInterfaceOrientationPortrait UIInterfaceOrientationPortraitUpsideDown UIInterfaceOrientationLandscapeLeft UIInterfaceOrientationLandscapeRight";
				INFOPLIST_KEY_UISupportedInterfaceOrientations_iPhone = "UIInterfaceOrientationPortrait UIInterfaceOrientationLandscapeLeft UIInterfaceOrientationLandscapeRight";
				LD_RUNPATH_SEARCH_PATHS = (
					"$(inherited)",
					"@executable_path/Frameworks",
				);
				MARKETING_VERSION = 1.0;
				PRODUCT_BUNDLE_IDENTIFIER = jp.ac.jec.cm0126.CalculateApp;
				PRODUCT_NAME = "$(TARGET_NAME)";
				SWIFT_EMIT_LOC_STRINGS = YES;
				SWIFT_VERSION = 5.0;
				TARGETED_DEVICE_FAMILY = "1,2";
			};
			name = Debug;
		};
		3BF489C02CF55A7C0075AE5D /* Release */ = {
			isa = XCBuildConfiguration;
			buildSettings = {
				ASSETCATALOG_COMPILER_APPICON_NAME = AppIcon;
				ASSETCATALOG_COMPILER_GLOBAL_ACCENT_COLOR_NAME = AccentColor;
				CODE_SIGN_STYLE = Automatic;
				CURRENT_PROJECT_VERSION = 1;
				DEVELOPMENT_ASSET_PATHS = "\"CalculateApp/Preview Content\"";
				DEVELOPMENT_TEAM = Q2STMY2JD7;
				ENABLE_PREVIEWS = YES;
				GENERATE_INFOPLIST_FILE = YES;
				INFOPLIST_KEY_UIApplicationSceneManifest_Generation = YES;
				INFOPLIST_KEY_UIApplicationSupportsIndirectInputEvents = YES;
				INFOPLIST_KEY_UILaunchScreen_Generation = YES;
				INFOPLIST_KEY_UISupportedInterfaceOrientations_iPad = "UIInterfaceOrientationPortrait UIInterfaceOrientationPortraitUpsideDown UIInterfaceOrientationLandscapeLeft UIInterfaceOrientationLandscapeRight";
				INFOPLIST_KEY_UISupportedInterfaceOrientations_iPhone = "UIInterfaceOrientationPortrait UIInterfaceOrientationLandscapeLeft UIInterfaceOrientationLandscapeRight";
				LD_RUNPATH_SEARCH_PATHS = (
					"$(inherited)",
					"@executable_path/Frameworks",
				);
				MARKETING_VERSION = 1.0;
				PRODUCT_BUNDLE_IDENTIFIER = jp.ac.jec.cm0126.CalculateApp;
				PRODUCT_NAME = "$(TARGET_NAME)";
				SWIFT_EMIT_LOC_STRINGS = YES;
				SWIFT_VERSION = 5.0;
				TARGETED_DEVICE_FAMILY = "1,2";
			};
			name = Release;
		};
/* End XCBuildConfiguration section */

/* Begin XCConfigurationList section */
		3BF489AB2CF55A7A0075AE5D /* Build configuration list for PBXProject "CalculateApp" */ = {
			isa = XCConfigurationList;
			buildConfigurations = (
				3BF489BC2CF55A7C0075AE5D /* Debug */,
				3BF489BD2CF55A7C0075AE5D /* Release */,
			);
			defaultConfigurationIsVisible = 0;
			defaultConfigurationName = Release;
		};
		3BF489BE2CF55A7C0075AE5D /* Build configuration list for PBXNativeTarget "CalculateApp" */ = {
			isa = XCConfigurationList;
			buildConfigurations = (
				3BF489BF2CF55A7C0075AE5D /* Debug */,
				3BF489C02CF55A7C0075AE5D /* Release */,
			);
			defaultConfigurationIsVisible = 0;
			defaultConfigurationName = Release;
		};
/* End XCConfigurationList section */
	};
	rootObject = 3BF489A82CF55A7A0075AE5D /* Project object */;
}
